
Microsoft Visual Studio Solution File, Format Version 12.00
# Visual Studio Version 17
VisualStudioVersion = 17.12.35527.113 d17.12
MinimumVisualStudioVersion = 10.0.40219.1
Project("{FAE04EC0-301F-11D3-BF4B-00C04F79EFBC}") = "DieRoller", "DieRoller\DieRoller.csproj", "{FEDAE90F-B59D-4A63-82F1-E7E88AB59D92}"
EndProject
Global
	GlobalSection(SolutionConfigurationPlatforms) = preSolution
		Debug|Any CPU = Debug|Any CPU
		Release|Any CPU = Release|Any CPU
	EndGlobalSection
	GlobalSection(ProjectConfigurationPlatforms) = postSolution
		{FEDAE90F-B59D-4A63-82F1-E7E88AB59D92}.Debug|Any CPU.ActiveCfg = Debug|Any CPU
		{FEDAE90F-B59D-4A63-82F1-E7E88AB59D92}.Debug|Any CPU.Build.0 = Debug|Any CPU
		{FEDAE90F-B59D-4A63-82F1-E7E88AB59D92}.Release|Any CPU.ActiveCfg = Release|Any CPU
		{FEDAE90F-B59D-4A63-82F1-E7E88AB59D92}.Release|Any CPU.Build.0 = Release|Any CPU
	EndGlobalSection
	GlobalSection(SolutionProperties) = preSolution
		HideSolutionNode = FALSE
	EndGlobalSection
EndGlobal
